
Microsoft Visual Studio Solution File, Format Version 12.00
# Visual Studio Version 17
VisualStudioVersion = 17.2.32519.379
MinimumVisualStudioVersion = 10.0.40219.1
Project("{FAE04EC0-301F-11D3-BF4B-00C04F79EFBC}") = "Cool_daily_planner", "Cool_daily_planner\Cool_daily_planner.csproj", "{68FD80E5-A69F-4462-ADB4-06BB3FE6D3EE}"
EndProject
Global
	GlobalSection(SolutionConfigurationPlatforms) = preSolution
		Debug|Any CPU = Debug|Any CPU
		Release|Any CPU = Release|Any CPU
	EndGlobalSection
	GlobalSection(ProjectConfigurationPlatforms) = postSolution
		{68FD80E5-A69F-4462-ADB4-06BB3FE6D3EE}.Debug|Any CPU.ActiveCfg = Debug|Any CPU
		{68FD80E5-A69F-4462-ADB4-06BB3FE6D3EE}.Debug|Any CPU.Build.0 = Debug|Any CPU
		{68FD80E5-A69F-4462-ADB4-06BB3FE6D3EE}.Release|Any CPU.ActiveCfg = Release|Any CPU
		{68FD80E5-A69F-4462-ADB4-06BB3FE6D3EE}.Release|Any CPU.Build.0 = Release|Any CPU
	EndGlobalSection
	GlobalSection(SolutionProperties) = preSolution
		HideSolutionNode = FALSE
	EndGlobalSection
	GlobalSection(ExtensibilityGlobals) = postSolution
		SolutionGuid = {7191C6B1-AFAA-4B33-A16A-808FF46B75FC}
	EndGlobalSection
EndGlobal
